
Microsoft Visual Studio Solution File, Format Version 12.00
# Visual Studio Version 17
VisualStudioVersion = 17.0.31903.59
MinimumVisualStudioVersion = 10.0.40219.1
Project("{FAE04EC0-301F-11D3-BF4B-00C04F79EFBC}") = "MyMath", "MyMath\MyMath.csproj", "{DED6EAF6-CB43-4BDF-82F0-7286DDA51D9C}"
EndProject
Project("{FAE04EC0-301F-11D3-BF4B-00C04F79EFBC}") = "MyMath.Tests", "MyMath.Tests\MyMath.Tests.csproj", "{4D2498AD-75D0-41E6-AD83-9293004C0D8E}"
EndProject
Global
	GlobalSection(SolutionConfigurationPlatforms) = preSolution
		Debug|Any CPU = Debug|Any CPU
		Release|Any CPU = Release|Any CPU
	EndGlobalSection
	GlobalSection(SolutionProperties) = preSolution
		HideSolutionNode = FALSE
	EndGlobalSection
	GlobalSection(ProjectConfigurationPlatforms) = postSolution
		{DED6EAF6-CB43-4BDF-82F0-7286DDA51D9C}.Debug|Any CPU.ActiveCfg = Debug|Any CPU
		{DED6EAF6-CB43-4BDF-82F0-7286DDA51D9C}.Debug|Any CPU.Build.0 = Debug|Any CPU
		{DED6EAF6-CB43-4BDF-82F0-7286DDA51D9C}.Release|Any CPU.ActiveCfg = Release|Any CPU
		{DED6EAF6-CB43-4BDF-82F0-7286DDA51D9C}.Release|Any CPU.Build.0 = Release|Any CPU
		{4D2498AD-75D0-41E6-AD83-9293004C0D8E}.Debug|Any CPU.ActiveCfg = Debug|Any CPU
		{4D2498AD-75D0-41E6-AD83-9293004C0D8E}.Debug|Any CPU.Build.0 = Debug|Any CPU
		{4D2498AD-75D0-41E6-AD83-9293004C0D8E}.Release|Any CPU.ActiveCfg = Release|Any CPU
		{4D2498AD-75D0-41E6-AD83-9293004C0D8E}.Release|Any CPU.Build.0 = Release|Any CPU
	EndGlobalSection
EndGlobal
