
Microsoft Visual Studio Solution File, Format Version 12.00
# Visual Studio Version 17
VisualStudioVersion = 17.0.31903.59
MinimumVisualStudioVersion = 10.0.40219.1
Project("{FAE04EC0-301F-11D3-BF4B-00C04F79EFBC}") = "Text", "Text\Text.csproj", "{28D3FF7A-34A8-49DC-B9FF-394AD7DB27AE}"
EndProject
Project("{FAE04EC0-301F-11D3-BF4B-00C04F79EFBC}") = "Text.Tests", "Text.Tests\Text.Tests.csproj", "{7D76F7E1-5FAC-40A3-BEF0-9769C4779943}"
EndProject
Global
	GlobalSection(SolutionConfigurationPlatforms) = preSolution
		Debug|Any CPU = Debug|Any CPU
		Release|Any CPU = Release|Any CPU
	EndGlobalSection
	GlobalSection(SolutionProperties) = preSolution
		HideSolutionNode = FALSE
	EndGlobalSection
	GlobalSection(ProjectConfigurationPlatforms) = postSolution
		{28D3FF7A-34A8-49DC-B9FF-394AD7DB27AE}.Debug|Any CPU.ActiveCfg = Debug|Any CPU
		{28D3FF7A-34A8-49DC-B9FF-394AD7DB27AE}.Debug|Any CPU.Build.0 = Debug|Any CPU
		{28D3FF7A-34A8-49DC-B9FF-394AD7DB27AE}.Release|Any CPU.ActiveCfg = Release|Any CPU
		{28D3FF7A-34A8-49DC-B9FF-394AD7DB27AE}.Release|Any CPU.Build.0 = Release|Any CPU
		{7D76F7E1-5FAC-40A3-BEF0-9769C4779943}.Debug|Any CPU.ActiveCfg = Debug|Any CPU
		{7D76F7E1-5FAC-40A3-BEF0-9769C4779943}.Debug|Any CPU.Build.0 = Debug|Any CPU
		{7D76F7E1-5FAC-40A3-BEF0-9769C4779943}.Release|Any CPU.ActiveCfg = Release|Any CPU
		{7D76F7E1-5FAC-40A3-BEF0-9769C4779943}.Release|Any CPU.Build.0 = Release|Any CPU
	EndGlobalSection
EndGlobal
