
Microsoft Visual Studio Solution File, Format Version 12.00
# Visual Studio Version 17
VisualStudioVersion = 17.0.31903.59
MinimumVisualStudioVersion = 10.0.40219.1
Project("{FAE04EC0-301F-11D3-BF4B-00C04F79EFBC}") = "Text", "Text\Text.csproj", "{00E97804-994E-43B5-83F8-FA8851B65392}"
EndProject
Project("{FAE04EC0-301F-11D3-BF4B-00C04F79EFBC}") = "Text.Tests", "Text.Tests\Text.Tests.csproj", "{6B60FFB1-CC06-45BA-BCD4-425840C61666}"
EndProject
Global
	GlobalSection(SolutionConfigurationPlatforms) = preSolution
		Debug|Any CPU = Debug|Any CPU
		Release|Any CPU = Release|Any CPU
	EndGlobalSection
	GlobalSection(SolutionProperties) = preSolution
		HideSolutionNode = FALSE
	EndGlobalSection
	GlobalSection(ProjectConfigurationPlatforms) = postSolution
		{00E97804-994E-43B5-83F8-FA8851B65392}.Debug|Any CPU.ActiveCfg = Debug|Any CPU
		{00E97804-994E-43B5-83F8-FA8851B65392}.Debug|Any CPU.Build.0 = Debug|Any CPU
		{00E97804-994E-43B5-83F8-FA8851B65392}.Release|Any CPU.ActiveCfg = Release|Any CPU
		{00E97804-994E-43B5-83F8-FA8851B65392}.Release|Any CPU.Build.0 = Release|Any CPU
		{6B60FFB1-CC06-45BA-BCD4-425840C61666}.Debug|Any CPU.ActiveCfg = Debug|Any CPU
		{6B60FFB1-CC06-45BA-BCD4-425840C61666}.Debug|Any CPU.Build.0 = Debug|Any CPU
		{6B60FFB1-CC06-45BA-BCD4-425840C61666}.Release|Any CPU.ActiveCfg = Release|Any CPU
		{6B60FFB1-CC06-45BA-BCD4-425840C61666}.Release|Any CPU.Build.0 = Release|Any CPU
	EndGlobalSection
EndGlobal
